
Microsoft Visual Studio Solution File, Format Version 12.00
# Visual Studio Version 16
VisualStudioVersion = 16.0.30309.148
MinimumVisualStudioVersion = 10.0.40219.1
Project("{9A19103F-16F7-4668-BE54-9A1E7A4F7556}") = "NUnitTests", "NUnitTests\NUnitTests.csproj", "{E4D19673-BCF6-49F0-9E61-8C936326770A}"
EndProject
Project("{9A19103F-16F7-4668-BE54-9A1E7A4F7556}") = "DatingApp.API", "DatingApp.API\DatingApp.API.csproj", "{B9E3C494-6C0E-41F1-A2F3-AF6182F19608}"
EndProject
Project("{E24C65DC-7377-472B-9ABA-BC803B73C61A}") = "DatingApp-SPA", "DatingApp-SPA\", "{B7AF31A5-83EE-4303-A81A-1E8832ECB9C0}"
	ProjectSection(WebsiteProperties) = preProject
		TargetFrameworkMoniker = ".NETFramework,Version%3Dv4.0"
		Debug.AspNetCompiler.VirtualPath = "/localhost_50497"
		Debug.AspNetCompiler.PhysicalPath = "DatingApp-SPA\"
		Debug.AspNetCompiler.TargetPath = "PrecompiledWeb\localhost_50497\"
		Debug.AspNetCompiler.Updateable = "true"
		Debug.AspNetCompiler.ForceOverwrite = "true"
		Debug.AspNetCompiler.FixedNames = "false"
		Debug.AspNetCompiler.Debug = "True"
		Release.AspNetCompiler.VirtualPath = "/localhost_50497"
		Release.AspNetCompiler.PhysicalPath = "DatingApp-SPA\"
		Release.AspNetCompiler.TargetPath = "PrecompiledWeb\localhost_50497\"
		Release.AspNetCompiler.Updateable = "true"
		Release.AspNetCompiler.ForceOverwrite = "true"
		Release.AspNetCompiler.FixedNames = "false"
		Release.AspNetCompiler.Debug = "False"
		VWDPort = "50497"
	EndProjectSection
EndProject
Global
	GlobalSection(SolutionConfigurationPlatforms) = preSolution
		Debug|Any CPU = Debug|Any CPU
		Release|Any CPU = Release|Any CPU
	EndGlobalSection
	GlobalSection(ProjectConfigurationPlatforms) = postSolution
		{E4D19673-BCF6-49F0-9E61-8C936326770A}.Debug|Any CPU.ActiveCfg = Debug|Any CPU
		{E4D19673-BCF6-49F0-9E61-8C936326770A}.Debug|Any CPU.Build.0 = Debug|Any CPU
		{E4D19673-BCF6-49F0-9E61-8C936326770A}.Release|Any CPU.ActiveCfg = Release|Any CPU
		{E4D19673-BCF6-49F0-9E61-8C936326770A}.Release|Any CPU.Build.0 = Release|Any CPU
		{B9E3C494-6C0E-41F1-A2F3-AF6182F19608}.Debug|Any CPU.ActiveCfg = Debug|Any CPU
		{B9E3C494-6C0E-41F1-A2F3-AF6182F19608}.Debug|Any CPU.Build.0 = Debug|Any CPU
		{B9E3C494-6C0E-41F1-A2F3-AF6182F19608}.Release|Any CPU.ActiveCfg = Release|Any CPU
		{B9E3C494-6C0E-41F1-A2F3-AF6182F19608}.Release|Any CPU.Build.0 = Release|Any CPU
		{B7AF31A5-83EE-4303-A81A-1E8832ECB9C0}.Debug|Any CPU.ActiveCfg = Debug|Any CPU
		{B7AF31A5-83EE-4303-A81A-1E8832ECB9C0}.Debug|Any CPU.Build.0 = Debug|Any CPU
		{B7AF31A5-83EE-4303-A81A-1E8832ECB9C0}.Release|Any CPU.ActiveCfg = Debug|Any CPU
		{B7AF31A5-83EE-4303-A81A-1E8832ECB9C0}.Release|Any CPU.Build.0 = Debug|Any CPU
	EndGlobalSection
	GlobalSection(SolutionProperties) = preSolution
		HideSolutionNode = FALSE
	EndGlobalSection
	GlobalSection(ExtensibilityGlobals) = postSolution
		SolutionGuid = {32EAD752-3D25-466E-90B5-A6EB33E1F42D}
	EndGlobalSection
EndGlobal
